{
  "name": "vslai",
  "version": "1.0.0",
  "lockfileVersion": 1,
  "requires": true,
  "dependencies": {
    "formidable": {
      "version": "1.2.1",
      "resolved": "https://registry.npmjs.org/formidable/-/formidable-1.2.1.tgz",
      "integrity": "sha512-Fs9VRguL0gqGHkXS5GQiMCr1VhZBxz0JnJs4JmMp/2jL18Fmbzvv7vOFRU+U8TBkHEE/CX1qDXzJplVULgsLeg=="
    },
    "vant-weapp": {
      "version": "0.4.7",
      "resolved": "https://registry.npmjs.org/vant-weapp/-/vant-weapp-0.4.7.tgz",
      "integrity": "sha512-HA9cTUm9VvK5BFX6L5nVaach2v348h9nwTogEfJmis2jVFoTwfhX+j8GScvyNoDW+2kXL3E7TCD2uzFYy44YsA=="
    }
  }
}
